// !$*UTF8*$!
{
	archiveVersion = 1;
	classes = {
	};
	objectVersion = 50;
	objects = {

/* Begin PBXBuildFile section */
		3C17C87C21A433FF00619919 /* AnotherPlanetCollectionViewCell.swift in Sources */ = {isa = PBXBuildFile; fileRef = 3C17C87A21A433FF00619919 /* AnotherPlanetCollectionViewCell.swift */; };
		3C17C87D21A433FF00619919 /* AnotherPlanetCollectionViewCell.xib in Resources */ = {isa = PBXBuildFile; fileRef = 3C17C87B21A433FF00619919 /* AnotherPlanetCollectionViewCell.xib */; };
		3C17C88021A44A7400619919 /* SolarSystemPlanetExtension.swift in Sources */ = {isa = PBXBuildFile; fileRef = 3C17C87F21A44A7400619919 /* SolarSystemPlanetExtension.swift */; };
		3C17C88521A4512100619919 /* PlanetyPropertyDetailsTableViewCell.swift in Sources */ = {isa = PBXBuildFile; fileRef = 3C17C88321A4512100619919 /* PlanetyPropertyDetailsTableViewCell.swift */; };
		3C17C88621A4512100619919 /* PlanetyPropertyDetailsTableViewCell.xib in Resources */ = {isa = PBXBuildFile; fileRef = 3C17C88421A4512100619919 /* PlanetyPropertyDetailsTableViewCell.xib */; };
		3C17C88B21A4821A00619919 /* OtherPlanetsTableViewCell.swift in Sources */ = {isa = PBXBuildFile; fileRef = 3C17C88921A4821900619919 /* OtherPlanetsTableViewCell.swift */; };
		3C17C88C21A4821A00619919 /* OtherPlanetsTableViewCell.xib in Resources */ = {isa = PBXBuildFile; fileRef = 3C17C88A21A4821A00619919 /* OtherPlanetsTableViewCell.xib */; };
		3C17C88E21A5C8F100619919 /* HomeScreen.storyboard in Resources */ = {isa = PBXBuildFile; fileRef = 3C17C88D21A5C8F100619919 /* HomeScreen.storyboard */; };
		3C17C89121A5CB7300619919 /* HomeScreenNavigationBarView.xib in Resources */ = {isa = PBXBuildFile; fileRef = 3C17C89021A5CB7300619919 /* HomeScreenNavigationBarView.xib */; };
		3C17C89321A5CBF700619919 /* HomeScreenNavigationBarView.swift in Sources */ = {isa = PBXBuildFile; fileRef = 3C17C89221A5CBF700619919 /* HomeScreenNavigationBarView.swift */; };
		3C17C89521A5CF8500619919 /* HomeScreenViewController.swift in Sources */ = {isa = PBXBuildFile; fileRef = 3C17C89421A5CF8500619919 /* HomeScreenViewController.swift */; };
		3C17C89921A5D3AC00619919 /* MenuOptionsCollectionViewCell.swift in Sources */ = {isa = PBXBuildFile; fileRef = 3C17C89721A5D3AC00619919 /* MenuOptionsCollectionViewCell.swift */; };
		3C17C89A21A5D3AC00619919 /* MenuOptionsCollectionViewCell.xib in Resources */ = {isa = PBXBuildFile; fileRef = 3C17C89821A5D3AC00619919 /* MenuOptionsCollectionViewCell.xib */; };
		3C17C89C21A6D28000619919 /* UINavigationBarExtension.swift in Sources */ = {isa = PBXBuildFile; fileRef = 3C17C89B21A6D28000619919 /* UINavigationBarExtension.swift */; };
		3C17C89E21A6D4D100619919 /* UIColorExtension.swift in Sources */ = {isa = PBXBuildFile; fileRef = 3C17C89D21A6D4D000619919 /* UIColorExtension.swift */; };
		3C17C8A121A6D71100619919 /* UIViewExtension.swift in Sources */ = {isa = PBXBuildFile; fileRef = 3C17C8A021A6D71100619919 /* UIViewExtension.swift */; };
		3C1E132F219AFC9F0048B34A /* GET.swift in Sources */ = {isa = PBXBuildFile; fileRef = 3C1E1326219AFC9F0048B34A /* GET.swift */; };
		3C1E1330219AFC9F0048B34A /* NasaMedia.swift in Sources */ = {isa = PBXBuildFile; fileRef = 3C1E1328219AFC9F0048B34A /* NasaMedia.swift */; };
		3C1E1331219AFC9F0048B34A /* NasaTechport.swift in Sources */ = {isa = PBXBuildFile; fileRef = 3C1E1329219AFC9F0048B34A /* NasaTechport.swift */; };
		3C1E1332219AFC9F0048B34A /* NasaAPOD.swift in Sources */ = {isa = PBXBuildFile; fileRef = 3C1E132A219AFC9F0048B34A /* NasaAPOD.swift */; };
		3C1E1333219AFC9F0048B34A /* APIManager.swift in Sources */ = {isa = PBXBuildFile; fileRef = 3C1E132C219AFC9F0048B34A /* APIManager.swift */; };
		3C1E1334219AFC9F0048B34A /* AppDelegate.swift in Sources */ = {isa = PBXBuildFile; fileRef = 3C1E132D219AFC9F0048B34A /* AppDelegate.swift */; };
		3C1E1336219B011E0048B34A /* NasaExoplanet.swift in Sources */ = {isa = PBXBuildFile; fileRef = 3C1E1335219B011E0048B34A /* NasaExoplanet.swift */; };
		3C1E1338219B0A260048B34A /* Exoplanet.swift in Sources */ = {isa = PBXBuildFile; fileRef = 3C1E1337219B0A260048B34A /* Exoplanet.swift */; };
		3C1E133A219C42830048B34A /* PlanetStatus.swift in Sources */ = {isa = PBXBuildFile; fileRef = 3C1E1339219C42830048B34A /* PlanetStatus.swift */; };
		3C1E133D219C49C00048B34A /* APOD.swift in Sources */ = {isa = PBXBuildFile; fileRef = 3C1E133C219C49C00048B34A /* APOD.swift */; };
		3C1E133F219C5B9C0048B34A /* ExoplanetHostStar.swift in Sources */ = {isa = PBXBuildFile; fileRef = 3C1E133E219C5B9C0048B34A /* ExoplanetHostStar.swift */; };
		3C1E1345219F20D90048B34A /* MinorPlanetAPI.swift in Sources */ = {isa = PBXBuildFile; fileRef = 3C1E1344219F20D90048B34A /* MinorPlanetAPI.swift */; };
		3C1E1347219F3FCF0048B34A /* MinorPlanet.swift in Sources */ = {isa = PBXBuildFile; fileRef = 3C1E1346219F3FCE0048B34A /* MinorPlanet.swift */; };
		3C1E134A219FC3390048B34A /* SolarSystemPlanet.swift in Sources */ = {isa = PBXBuildFile; fileRef = 3C1E1349219FC3390048B34A /* SolarSystemPlanet.swift */; };
		3C1E134F219FC3D60048B34A /* SolarSystemAPI.swift in Sources */ = {isa = PBXBuildFile; fileRef = 3C1E134E219FC3D60048B34A /* SolarSystemAPI.swift */; };
		3C1E1351219FC5830048B34A /* SolarSystemBodies.swift in Sources */ = {isa = PBXBuildFile; fileRef = 3C1E1350219FC5830048B34A /* SolarSystemBodies.swift */; };
		3C2DFD2021A2E5B6009D54C1 /* OrbitType.swift in Sources */ = {isa = PBXBuildFile; fileRef = 3C2DFD1F21A2E5B6009D54C1 /* OrbitType.swift */; };
		3C2DFD2421A2F0E3009D54C1 /* SolarSystemPlanetDetails.storyboard in Resources */ = {isa = PBXBuildFile; fileRef = 3C2DFD2321A2F0E3009D54C1 /* SolarSystemPlanetDetails.storyboard */; };
		3C2DFD2621A2F10E009D54C1 /* SolarSystemPlanetDetailsViewController.swift in Sources */ = {isa = PBXBuildFile; fileRef = 3C2DFD2521A2F10E009D54C1 /* SolarSystemPlanetDetailsViewController.swift */; };
		FCF158EF2199B9630035DF53 /* ViewController.swift in Sources */ = {isa = PBXBuildFile; fileRef = FCF158EE2199B9630035DF53 /* ViewController.swift */; };
		FCF158F22199B9630035DF53 /* Main.storyboard in Resources */ = {isa = PBXBuildFile; fileRef = FCF158F02199B9630035DF53 /* Main.storyboard */; };
		FCF158F52199B9630035DF53 /* DeepSpace.xcdatamodeld in Sources */ = {isa = PBXBuildFile; fileRef = FCF158F32199B9630035DF53 /* DeepSpace.xcdatamodeld */; };
		FCF158F72199B9670035DF53 /* Assets.xcassets in Resources */ = {isa = PBXBuildFile; fileRef = FCF158F62199B9670035DF53 /* Assets.xcassets */; };
		FCF158FA2199B9670035DF53 /* LaunchScreen.storyboard in Resources */ = {isa = PBXBuildFile; fileRef = FCF158F82199B9670035DF53 /* LaunchScreen.storyboard */; };
		FCF159052199B9670035DF53 /* DeepSpaceTests.swift in Sources */ = {isa = PBXBuildFile; fileRef = FCF159042199B9670035DF53 /* DeepSpaceTests.swift */; };
		FCF159102199B9670035DF53 /* DeepSpaceUITests.swift in Sources */ = {isa = PBXBuildFile; fileRef = FCF1590F2199B9670035DF53 /* DeepSpaceUITests.swift */; };
/* End PBXBuildFile section */

/* Begin PBXContainerItemProxy section */
		FCF159012199B9670035DF53 /* PBXContainerItemProxy */ = {
			isa = PBXContainerItemProxy;
			containerPortal = FCF158E12199B9630035DF53 /* Project object */;
			proxyType = 1;
			remoteGlobalIDString = FCF158E82199B9630035DF53;
			remoteInfo = DeepSpace;
		};
		FCF1590C2199B9670035DF53 /* PBXContainerItemProxy */ = {
			isa = PBXContainerItemProxy;
			containerPortal = FCF158E12199B9630035DF53 /* Project object */;
			proxyType = 1;
			remoteGlobalIDString = FCF158E82199B9630035DF53;
			remoteInfo = DeepSpace;
		};
/* End PBXContainerItemProxy section */

/* Begin PBXFileReference section */
		3C17C87A21A433FF00619919 /* AnotherPlanetCollectionViewCell.swift */ = {isa = PBXFileReference; lastKnownFileType = sourcecode.swift; path = AnotherPlanetCollectionViewCell.swift; sourceTree = "<group>"; };
		3C17C87B21A433FF00619919 /* AnotherPlanetCollectionViewCell.xib */ = {isa = PBXFileReference; lastKnownFileType = file.xib; path = AnotherPlanetCollectionViewCell.xib; sourceTree = "<group>"; };
		3C17C87F21A44A7400619919 /* SolarSystemPlanetExtension.swift */ = {isa = PBXFileReference; lastKnownFileType = sourcecode.swift; path = SolarSystemPlanetExtension.swift; sourceTree = "<group>"; };
		3C17C88321A4512100619919 /* PlanetyPropertyDetailsTableViewCell.swift */ = {isa = PBXFileReference; lastKnownFileType = sourcecode.swift; path = PlanetyPropertyDetailsTableViewCell.swift; sourceTree = "<group>"; };
		3C17C88421A4512100619919 /* PlanetyPropertyDetailsTableViewCell.xib */ = {isa = PBXFileReference; lastKnownFileType = file.xib; path = PlanetyPropertyDetailsTableViewCell.xib; sourceTree = "<group>"; };
		3C17C88921A4821900619919 /* OtherPlanetsTableViewCell.swift */ = {isa = PBXFileReference; lastKnownFileType = sourcecode.swift; path = OtherPlanetsTableViewCell.swift; sourceTree = "<group>"; };
		3C17C88A21A4821A00619919 /* OtherPlanetsTableViewCell.xib */ = {isa = PBXFileReference; lastKnownFileType = file.xib; path = OtherPlanetsTableViewCell.xib; sourceTree = "<group>"; };
		3C17C88D21A5C8F100619919 /* HomeScreen.storyboard */ = {isa = PBXFileReference; lastKnownFileType = file.storyboard; path = HomeScreen.storyboard; sourceTree = "<group>"; };
		3C17C89021A5CB7300619919 /* HomeScreenNavigationBarView.xib */ = {isa = PBXFileReference; lastKnownFileType = file.xib; path = HomeScreenNavigationBarView.xib; sourceTree = "<group>"; };
		3C17C89221A5CBF700619919 /* HomeScreenNavigationBarView.swift */ = {isa = PBXFileReference; lastKnownFileType = sourcecode.swift; path = HomeScreenNavigationBarView.swift; sourceTree = "<group>"; };
		3C17C89421A5CF8500619919 /* HomeScreenViewController.swift */ = {isa = PBXFileReference; lastKnownFileType = sourcecode.swift; path = HomeScreenViewController.swift; sourceTree = "<group>"; };
		3C17C89721A5D3AC00619919 /* MenuOptionsCollectionViewCell.swift */ = {isa = PBXFileReference; lastKnownFileType = sourcecode.swift; path = MenuOptionsCollectionViewCell.swift; sourceTree = "<group>"; };
		3C17C89821A5D3AC00619919 /* MenuOptionsCollectionViewCell.xib */ = {isa = PBXFileReference; lastKnownFileType = file.xib; path = MenuOptionsCollectionViewCell.xib; sourceTree = "<group>"; };
		3C17C89B21A6D28000619919 /* UINavigationBarExtension.swift */ = {isa = PBXFileReference; lastKnownFileType = sourcecode.swift; path = UINavigationBarExtension.swift; sourceTree = "<group>"; };
		3C17C89D21A6D4D000619919 /* UIColorExtension.swift */ = {isa = PBXFileReference; fileEncoding = 4; lastKnownFileType = sourcecode.swift; path = UIColorExtension.swift; sourceTree = "<group>"; };
		3C17C8A021A6D71100619919 /* UIViewExtension.swift */ = {isa = PBXFileReference; lastKnownFileType = sourcecode.swift; path = UIViewExtension.swift; sourceTree = "<group>"; };
		3C1E1326219AFC9F0048B34A /* GET.swift */ = {isa = PBXFileReference; fileEncoding = 4; lastKnownFileType = sourcecode.swift; path = GET.swift; sourceTree = "<group>"; };
		3C1E1328219AFC9F0048B34A /* NasaMedia.swift */ = {isa = PBXFileReference; fileEncoding = 4; lastKnownFileType = sourcecode.swift; path = NasaMedia.swift; sourceTree = "<group>"; };
		3C1E1329219AFC9F0048B34A /* NasaTechport.swift */ = {isa = PBXFileReference; fileEncoding = 4; lastKnownFileType = sourcecode.swift; path = NasaTechport.swift; sourceTree = "<group>"; };
		3C1E132A219AFC9F0048B34A /* NasaAPOD.swift */ = {isa = PBXFileReference; fileEncoding = 4; lastKnownFileType = sourcecode.swift; path = NasaAPOD.swift; sourceTree = "<group>"; };
		3C1E132C219AFC9F0048B34A /* APIManager.swift */ = {isa = PBXFileReference; fileEncoding = 4; lastKnownFileType = sourcecode.swift; path = APIManager.swift; sourceTree = "<group>"; };
		3C1E132D219AFC9F0048B34A /* AppDelegate.swift */ = {isa = PBXFileReference; fileEncoding = 4; lastKnownFileType = sourcecode.swift; path = AppDelegate.swift; sourceTree = "<group>"; };
		3C1E1335219B011E0048B34A /* NasaExoplanet.swift */ = {isa = PBXFileReference; lastKnownFileType = sourcecode.swift; path = NasaExoplanet.swift; sourceTree = "<group>"; };
		3C1E1337219B0A260048B34A /* Exoplanet.swift */ = {isa = PBXFileReference; lastKnownFileType = sourcecode.swift; path = Exoplanet.swift; sourceTree = "<group>"; };
		3C1E1339219C42830048B34A /* PlanetStatus.swift */ = {isa = PBXFileReference; lastKnownFileType = sourcecode.swift; path = PlanetStatus.swift; sourceTree = "<group>"; };
		3C1E133C219C49C00048B34A /* APOD.swift */ = {isa = PBXFileReference; lastKnownFileType = sourcecode.swift; path = APOD.swift; sourceTree = "<group>"; };
		3C1E133E219C5B9C0048B34A /* ExoplanetHostStar.swift */ = {isa = PBXFileReference; lastKnownFileType = sourcecode.swift; path = ExoplanetHostStar.swift; sourceTree = "<group>"; };
		3C1E1344219F20D90048B34A /* MinorPlanetAPI.swift */ = {isa = PBXFileReference; lastKnownFileType = sourcecode.swift; path = MinorPlanetAPI.swift; sourceTree = "<group>"; };
		3C1E1346219F3FCE0048B34A /* MinorPlanet.swift */ = {isa = PBXFileReference; lastKnownFileType = sourcecode.swift; path = MinorPlanet.swift; sourceTree = "<group>"; };
		3C1E1349219FC3390048B34A /* SolarSystemPlanet.swift */ = {isa = PBXFileReference; lastKnownFileType = sourcecode.swift; path = SolarSystemPlanet.swift; sourceTree = "<group>"; };
		3C1E134E219FC3D60048B34A /* SolarSystemAPI.swift */ = {isa = PBXFileReference; lastKnownFileType = sourcecode.swift; path = SolarSystemAPI.swift; sourceTree = "<group>"; };
		3C1E1350219FC5830048B34A /* SolarSystemBodies.swift */ = {isa = PBXFileReference; lastKnownFileType = sourcecode.swift; path = SolarSystemBodies.swift; sourceTree = "<group>"; };
		3C2DFD1F21A2E5B6009D54C1 /* OrbitType.swift */ = {isa = PBXFileReference; lastKnownFileType = sourcecode.swift; path = OrbitType.swift; sourceTree = "<group>"; };
		3C2DFD2321A2F0E3009D54C1 /* SolarSystemPlanetDetails.storyboard */ = {isa = PBXFileReference; lastKnownFileType = file.storyboard; path = SolarSystemPlanetDetails.storyboard; sourceTree = "<group>"; };
		3C2DFD2521A2F10E009D54C1 /* SolarSystemPlanetDetailsViewController.swift */ = {isa = PBXFileReference; lastKnownFileType = sourcecode.swift; path = SolarSystemPlanetDetailsViewController.swift; sourceTree = "<group>"; };
		FCF158E92199B9630035DF53 /* DeepSpace.app */ = {isa = PBXFileReference; explicitFileType = wrapper.application; includeInIndex = 0; path = DeepSpace.app; sourceTree = BUILT_PRODUCTS_DIR; };
		FCF158EE2199B9630035DF53 /* ViewController.swift */ = {isa = PBXFileReference; lastKnownFileType = sourcecode.swift; path = ViewController.swift; sourceTree = "<group>"; };
		FCF158F12199B9630035DF53 /* Base */ = {isa = PBXFileReference; lastKnownFileType = file.storyboard; name = Base; path = Base.lproj/Main.storyboard; sourceTree = "<group>"; };
		FCF158F42199B9630035DF53 /* DeepSpace.xcdatamodel */ = {isa = PBXFileReference; lastKnownFileType = wrapper.xcdatamodel; path = DeepSpace.xcdatamodel; sourceTree = "<group>"; };
		FCF158F62199B9670035DF53 /* Assets.xcassets */ = {isa = PBXFileReference; lastKnownFileType = folder.assetcatalog; path = Assets.xcassets; sourceTree = "<group>"; };
		FCF158F92199B9670035DF53 /* Base */ = {isa = PBXFileReference; lastKnownFileType = file.storyboard; name = Base; path = Base.lproj/LaunchScreen.storyboard; sourceTree = "<group>"; };
		FCF158FB2199B9670035DF53 /* Info.plist */ = {isa = PBXFileReference; lastKnownFileType = text.plist.xml; path = Info.plist; sourceTree = "<group>"; };
		FCF159002199B9670035DF53 /* DeepSpaceTests.xctest */ = {isa = PBXFileReference; explicitFileType = wrapper.cfbundle; includeInIndex = 0; path = DeepSpaceTests.xctest; sourceTree = BUILT_PRODUCTS_DIR; };
		FCF159042199B9670035DF53 /* DeepSpaceTests.swift */ = {isa = PBXFileReference; lastKnownFileType = sourcecode.swift; path = DeepSpaceTests.swift; sourceTree = "<group>"; };
		FCF159062199B9670035DF53 /* Info.plist */ = {isa = PBXFileReference; lastKnownFileType = text.plist.xml; path = Info.plist; sourceTree = "<group>"; };
		FCF1590B2199B9670035DF53 /* DeepSpaceUITests.xctest */ = {isa = PBXFileReference; explicitFileType = wrapper.cfbundle; includeInIndex = 0; path = DeepSpaceUITests.xctest; sourceTree = BUILT_PRODUCTS_DIR; };
		FCF1590F2199B9670035DF53 /* DeepSpaceUITests.swift */ = {isa = PBXFileReference; lastKnownFileType = sourcecode.swift; path = DeepSpaceUITests.swift; sourceTree = "<group>"; };
		FCF159112199B9670035DF53 /* Info.plist */ = {isa = PBXFileReference; lastKnownFileType = text.plist.xml; path = Info.plist; sourceTree = "<group>"; };
/* End PBXFileReference section */

/* Begin PBXFrameworksBuildPhase section */
		FCF158E62199B9630035DF53 /* Frameworks */ = {
			isa = PBXFrameworksBuildPhase;
			buildActionMask = 2147483647;
			files = (
			);
			runOnlyForDeploymentPostprocessing = 0;
		};
		FCF158FD2199B9670035DF53 /* Frameworks */ = {
			isa = PBXFrameworksBuildPhase;
			buildActionMask = 2147483647;
			files = (
			);
			runOnlyForDeploymentPostprocessing = 0;
		};
		FCF159082199B9670035DF53 /* Frameworks */ = {
			isa = PBXFrameworksBuildPhase;
			buildActionMask = 2147483647;
			files = (
			);
			runOnlyForDeploymentPostprocessing = 0;
		};
/* End PBXFrameworksBuildPhase section */

/* Begin PBXGroup section */
		3C17C87821A433B700619919 /* Collection View Cell */ = {
			isa = PBXGroup;
			children = (
				3C17C89621A5D37D00619919 /* Menu Options Cell */,
				3C17C87921A433C300619919 /* Another Planet Cell */,
			);
			path = "Collection View Cell";
			sourceTree = "<group>";
		};
		3C17C87921A433C300619919 /* Another Planet Cell */ = {
			isa = PBXGroup;
			children = (
				3C17C87A21A433FF00619919 /* AnotherPlanetCollectionViewCell.swift */,
				3C17C87B21A433FF00619919 /* AnotherPlanetCollectionViewCell.xib */,
			);
			path = "Another Planet Cell";
			sourceTree = "<group>";
		};
		3C17C87E21A44A4300619919 /* Extensions */ = {
			isa = PBXGroup;
			children = (
				3C17C87F21A44A7400619919 /* SolarSystemPlanetExtension.swift */,
				3C17C89B21A6D28000619919 /* UINavigationBarExtension.swift */,
				3C17C89D21A6D4D000619919 /* UIColorExtension.swift */,
				3C17C8A021A6D71100619919 /* UIViewExtension.swift */,
			);
			path = Extensions;
			sourceTree = "<group>";
		};
		3C17C88121A450E100619919 /* Table View Cell */ = {
			isa = PBXGroup;
			children = (
				3C17C88821A4820000619919 /* Other Planets */,
				3C17C88221A450F300619919 /* Planet Property Details */,
			);
			path = "Table View Cell";
			sourceTree = "<group>";
		};
		3C17C88221A450F300619919 /* Planet Property Details */ = {
			isa = PBXGroup;
			children = (
				3C17C88321A4512100619919 /* PlanetyPropertyDetailsTableViewCell.swift */,
				3C17C88421A4512100619919 /* PlanetyPropertyDetailsTableViewCell.xib */,
			);
			path = "Planet Property Details";
			sourceTree = "<group>";
		};
		3C17C88721A4525F00619919 /* Storyboards */ = {
			isa = PBXGroup;
			children = (
				FCF158F02199B9630035DF53 /* Main.storyboard */,
				FCF158F82199B9670035DF53 /* LaunchScreen.storyboard */,
				3C2DFD2321A2F0E3009D54C1 /* SolarSystemPlanetDetails.storyboard */,
				3C17C88D21A5C8F100619919 /* HomeScreen.storyboard */,
			);
			path = Storyboards;
			sourceTree = "<group>";
		};
		3C17C88821A4820000619919 /* Other Planets */ = {
			isa = PBXGroup;
			children = (
				3C17C88921A4821900619919 /* OtherPlanetsTableViewCell.swift */,
				3C17C88A21A4821A00619919 /* OtherPlanetsTableViewCell.xib */,
			);
			path = "Other Planets";
			sourceTree = "<group>";
		};
		3C17C88F21A5CA8E00619919 /* Custom Navigation View */ = {
			isa = PBXGroup;
			children = (
				3C17C89021A5CB7300619919 /* HomeScreenNavigationBarView.xib */,
				3C17C89221A5CBF700619919 /* HomeScreenNavigationBarView.swift */,
			);
			path = "Custom Navigation View";
			sourceTree = "<group>";
		};
		3C17C89621A5D37D00619919 /* Menu Options Cell */ = {
			isa = PBXGroup;
			children = (
				3C17C89721A5D3AC00619919 /* MenuOptionsCollectionViewCell.swift */,
				3C17C89821A5D3AC00619919 /* MenuOptionsCollectionViewCell.xib */,
			);
			path = "Menu Options Cell";
			sourceTree = "<group>";
		};
		3C1E1324219AFC9F0048B34A /* Web */ = {
			isa = PBXGroup;
			children = (
				3C1E1326219AFC9F0048B34A /* GET.swift */,
				3C1E1348219FC3260048B34A /* Solar System API */,
				3C1E1343219F20BC0048B34A /* Minor Planet API */,
				3C1E1327219AFC9F0048B34A /* NasaAPIs */,
			);
			path = Web;
			sourceTree = "<group>";
		};
		3C1E1327219AFC9F0048B34A /* NasaAPIs */ = {
			isa = PBXGroup;
			children = (
				3C1E1328219AFC9F0048B34A /* NasaMedia.swift */,
				3C1E1329219AFC9F0048B34A /* NasaTechport.swift */,
				3C1E132A219AFC9F0048B34A /* NasaAPOD.swift */,
				3C1E1335219B011E0048B34A /* NasaExoplanet.swift */,
			);
			path = NasaAPIs;
			sourceTree = "<group>";
		};
		3C1E132B219AFC9F0048B34A /* Protocol */ = {
			isa = PBXGroup;
			children = (
				3C1E132C219AFC9F0048B34A /* APIManager.swift */,
				3C1E132D219AFC9F0048B34A /* AppDelegate.swift */,
			);
			path = Protocol;
			sourceTree = "<group>";
		};
		3C1E133B219C49AF0048B34A /* Model */ = {
			isa = PBXGroup;
			children = (
				3C1E1352219FC74F0048B34A /* API Model */,
				3C1E1341219C89EE0048B34A /* CoreData */,
				3C1E1324219AFC9F0048B34A /* Web */,
			);
			path = Model;
			sourceTree = "<group>";
		};
		3C1E1340219C89D90048B34A /* UI */ = {
			isa = PBXGroup;
			children = (
				3C17C88721A4525F00619919 /* Storyboards */,
				3C17C88121A450E100619919 /* Table View Cell */,
				3C17C87821A433B700619919 /* Collection View Cell */,
				3C17C88F21A5CA8E00619919 /* Custom Navigation View */,
			);
			path = UI;
			sourceTree = "<group>";
		};
		3C1E1341219C89EE0048B34A /* CoreData */ = {
			isa = PBXGroup;
			children = (
				FCF158F32199B9630035DF53 /* DeepSpace.xcdatamodeld */,
			);
			path = CoreData;
			sourceTree = "<group>";
		};
		3C1E1342219C8A020048B34A /* Controllers */ = {
			isa = PBXGroup;
			children = (
				FCF158EE2199B9630035DF53 /* ViewController.swift */,
				3C2DFD2521A2F10E009D54C1 /* SolarSystemPlanetDetailsViewController.swift */,
				3C17C89421A5CF8500619919 /* HomeScreenViewController.swift */,
			);
			path = Controllers;
			sourceTree = "<group>";
		};
		3C1E1343219F20BC0048B34A /* Minor Planet API */ = {
			isa = PBXGroup;
			children = (
				3C1E1344219F20D90048B34A /* MinorPlanetAPI.swift */,
			);
			path = "Minor Planet API";
			sourceTree = "<group>";
		};
		3C1E1348219FC3260048B34A /* Solar System API */ = {
			isa = PBXGroup;
			children = (
				3C1E134E219FC3D60048B34A /* SolarSystemAPI.swift */,
			);
			path = "Solar System API";
			sourceTree = "<group>";
		};
		3C1E134B219FC3940048B34A /* NASA */ = {
			isa = PBXGroup;
			children = (
				3C1E133C219C49C00048B34A /* APOD.swift */,
				3C2DFD1E21A2E403009D54C1 /* Exoplanet */,
			);
			path = NASA;
			sourceTree = "<group>";
		};
		3C1E134C219FC3A00048B34A /* Minor Planet API */ = {
			isa = PBXGroup;
			children = (
				3C1E1346219F3FCE0048B34A /* MinorPlanet.swift */,
				3C2DFD1F21A2E5B6009D54C1 /* OrbitType.swift */,
			);
			path = "Minor Planet API";
			sourceTree = "<group>";
		};
		3C1E134D219FC3AB0048B34A /* Solar System API */ = {
			isa = PBXGroup;
			children = (
				3C1E1349219FC3390048B34A /* SolarSystemPlanet.swift */,
				3C1E1350219FC5830048B34A /* SolarSystemBodies.swift */,
			);
			path = "Solar System API";
			sourceTree = "<group>";
		};
		3C1E1352219FC74F0048B34A /* API Model */ = {
			isa = PBXGroup;
			children = (
				3C1E134D219FC3AB0048B34A /* Solar System API */,
				3C1E134C219FC3A00048B34A /* Minor Planet API */,
				3C1E134B219FC3940048B34A /* NASA */,
			);
			path = "API Model";
			sourceTree = "<group>";
		};
		3C2DFD1E21A2E403009D54C1 /* Exoplanet */ = {
			isa = PBXGroup;
			children = (
				3C1E1337219B0A260048B34A /* Exoplanet.swift */,
				3C1E133E219C5B9C0048B34A /* ExoplanetHostStar.swift */,
				3C1E1339219C42830048B34A /* PlanetStatus.swift */,
			);
			path = Exoplanet;
			sourceTree = "<group>";
		};
		FCF158E02199B9620035DF53 = {
			isa = PBXGroup;
			children = (
				FCF158EB2199B9630035DF53 /* DeepSpace */,
				FCF159032199B9670035DF53 /* DeepSpaceTests */,
				FCF1590E2199B9670035DF53 /* DeepSpaceUITests */,
				FCF158EA2199B9630035DF53 /* Products */,
			);
			sourceTree = "<group>";
		};
		FCF158EA2199B9630035DF53 /* Products */ = {
			isa = PBXGroup;
			children = (
				FCF158E92199B9630035DF53 /* DeepSpace.app */,
				FCF159002199B9670035DF53 /* DeepSpaceTests.xctest */,
				FCF1590B2199B9670035DF53 /* DeepSpaceUITests.xctest */,
			);
			name = Products;
			sourceTree = "<group>";
		};
		FCF158EB2199B9630035DF53 /* DeepSpace */ = {
			isa = PBXGroup;
			children = (
				3C17C87E21A44A4300619919 /* Extensions */,
				3C1E1342219C8A020048B34A /* Controllers */,
				3C1E1340219C89D90048B34A /* UI */,
				3C1E133B219C49AF0048B34A /* Model */,
				3C1E132B219AFC9F0048B34A /* Protocol */,
				FCF158F62199B9670035DF53 /* Assets.xcassets */,
				FCF158FB2199B9670035DF53 /* Info.plist */,
			);
			path = DeepSpace;
			sourceTree = "<group>";
		};
		FCF159032199B9670035DF53 /* DeepSpaceTests */ = {
			isa = PBXGroup;
			children = (
				FCF159042199B9670035DF53 /* DeepSpaceTests.swift */,
				FCF159062199B9670035DF53 /* Info.plist */,
			);
			path = DeepSpaceTests;
			sourceTree = "<group>";
		};
		FCF1590E2199B9670035DF53 /* DeepSpaceUITests */ = {
			isa = PBXGroup;
			children = (
				FCF1590F2199B9670035DF53 /* DeepSpaceUITests.swift */,
				FCF159112199B9670035DF53 /* Info.plist */,
			);
			path = DeepSpaceUITests;
			sourceTree = "<group>";
		};
/* End PBXGroup section */

/* Begin PBXNativeTarget section */
		FCF158E82199B9630035DF53 /* DeepSpace */ = {
			isa = PBXNativeTarget;
			buildConfigurationList = FCF159142199B9670035DF53 /* Build configuration list for PBXNativeTarget "DeepSpace" */;
			buildPhases = (
				FCF158E52199B9630035DF53 /* Sources */,
				FCF158E62199B9630035DF53 /* Frameworks */,
				FCF158E72199B9630035DF53 /* Resources */,
			);
			buildRules = (
			);
			dependencies = (
			);
			name = DeepSpace;
			productName = DeepSpace;
			productReference = FCF158E92199B9630035DF53 /* DeepSpace.app */;
			productType = "com.apple.product-type.application";
		};
		FCF158FF2199B9670035DF53 /* DeepSpaceTests */ = {
			isa = PBXNativeTarget;
			buildConfigurationList = FCF159172199B9670035DF53 /* Build configuration list for PBXNativeTarget "DeepSpaceTests" */;
			buildPhases = (
				FCF158FC2199B9670035DF53 /* Sources */,
				FCF158FD2199B9670035DF53 /* Frameworks */,
				FCF158FE2199B9670035DF53 /* Resources */,
			);
			buildRules = (
			);
			dependencies = (
				FCF159022199B9670035DF53 /* PBXTargetDependency */,
			);
			name = DeepSpaceTests;
			productName = DeepSpaceTests;
			productReference = FCF159002199B9670035DF53 /* DeepSpaceTests.xctest */;
			productType = "com.apple.product-type.bundle.unit-test";
		};
		FCF1590A2199B9670035DF53 /* DeepSpaceUITests */ = {
			isa = PBXNativeTarget;
			buildConfigurationList = FCF1591A2199B9670035DF53 /* Build configuration list for PBXNativeTarget "DeepSpaceUITests" */;
			buildPhases = (
				FCF159072199B9670035DF53 /* Sources */,
				FCF159082199B9670035DF53 /* Frameworks */,
				FCF159092199B9670035DF53 /* Resources */,
			);
			buildRules = (
			);
			dependencies = (
				FCF1590D2199B9670035DF53 /* PBXTargetDependency */,
			);
			name = DeepSpaceUITests;
			productName = DeepSpaceUITests;
			productReference = FCF1590B2199B9670035DF53 /* DeepSpaceUITests.xctest */;
			productType = "com.apple.product-type.bundle.ui-testing";
		};
/* End PBXNativeTarget section */

/* Begin PBXProject section */
		FCF158E12199B9630035DF53 /* Project object */ = {
			isa = PBXProject;
			attributes = {
				LastSwiftUpdateCheck = 1010;
				LastUpgradeCheck = 1010;
				ORGANIZATIONNAME = "Adriel Freire";
				TargetAttributes = {
					FCF158E82199B9630035DF53 = {
						CreatedOnToolsVersion = 10.1;
					};
					FCF158FF2199B9670035DF53 = {
						CreatedOnToolsVersion = 10.1;
						TestTargetID = FCF158E82199B9630035DF53;
					};
					FCF1590A2199B9670035DF53 = {
						CreatedOnToolsVersion = 10.1;
						TestTargetID = FCF158E82199B9630035DF53;
					};
				};
			};
			buildConfigurationList = FCF158E42199B9630035DF53 /* Build configuration list for PBXProject "DeepSpace" */;
			compatibilityVersion = "Xcode 9.3";
			developmentRegion = en;
			hasScannedForEncodings = 0;
			knownRegions = (
				en,
				Base,
			);
			mainGroup = FCF158E02199B9620035DF53;
			productRefGroup = FCF158EA2199B9630035DF53 /* Products */;
			projectDirPath = "";
			projectRoot = "";
			targets = (
				FCF158E82199B9630035DF53 /* DeepSpace */,
				FCF158FF2199B9670035DF53 /* DeepSpaceTests */,
				FCF1590A2199B9670035DF53 /* DeepSpaceUITests */,
			);
		};
/* End PBXProject section */

/* Begin PBXResourcesBuildPhase section */
		FCF158E72199B9630035DF53 /* Resources */ = {
			isa = PBXResourcesBuildPhase;
			buildActionMask = 2147483647;
			files = (
				FCF158FA2199B9670035DF53 /* LaunchScreen.storyboard in Resources */,
				3C17C87D21A433FF00619919 /* AnotherPlanetCollectionViewCell.xib in Resources */,
				3C17C88C21A4821A00619919 /* OtherPlanetsTableViewCell.xib in Resources */,
				3C17C89121A5CB7300619919 /* HomeScreenNavigationBarView.xib in Resources */,
				FCF158F72199B9670035DF53 /* Assets.xcassets in Resources */,
				3C2DFD2421A2F0E3009D54C1 /* SolarSystemPlanetDetails.storyboard in Resources */,
				3C17C89A21A5D3AC00619919 /* MenuOptionsCollectionViewCell.xib in Resources */,
				3C17C88E21A5C8F100619919 /* HomeScreen.storyboard in Resources */,
				FCF158F22199B9630035DF53 /* Main.storyboard in Resources */,
				3C17C88621A4512100619919 /* PlanetyPropertyDetailsTableViewCell.xib in Resources */,
			);
			runOnlyForDeploymentPostprocessing = 0;
		};
		FCF158FE2199B9670035DF53 /* Resources */ = {
			isa = PBXResourcesBuildPhase;
			buildActionMask = 2147483647;
			files = (
			);
			runOnlyForDeploymentPostprocessing = 0;
		};
		FCF159092199B9670035DF53 /* Resources */ = {
			isa = PBXResourcesBuildPhase;
			buildActionMask = 2147483647;
			files = (
			);
			runOnlyForDeploymentPostprocessing = 0;
		};
/* End PBXResourcesBuildPhase section */

/* Begin PBXSourcesBuildPhase section */
		FCF158E52199B9630035DF53 /* Sources */ = {
			isa = PBXSourcesBuildPhase;
			buildActionMask = 2147483647;
			files = (
				3C17C8A121A6D71100619919 /* UIViewExtension.swift in Sources */,
				3C1E1345219F20D90048B34A /* MinorPlanetAPI.swift in Sources */,
				3C17C89921A5D3AC00619919 /* MenuOptionsCollectionViewCell.swift in Sources */,
				3C1E1333219AFC9F0048B34A /* APIManager.swift in Sources */,
				3C1E133D219C49C00048B34A /* APOD.swift in Sources */,
				3C1E1330219AFC9F0048B34A /* NasaMedia.swift in Sources */,
				3C1E1351219FC5830048B34A /* SolarSystemBodies.swift in Sources */,
				3C1E1332219AFC9F0048B34A /* NasaAPOD.swift in Sources */,
				3C17C89C21A6D28000619919 /* UINavigationBarExtension.swift in Sources */,
				3C1E1334219AFC9F0048B34A /* AppDelegate.swift in Sources */,
				3C1E133A219C42830048B34A /* PlanetStatus.swift in Sources */,
				3C17C89321A5CBF700619919 /* HomeScreenNavigationBarView.swift in Sources */,
				3C1E134F219FC3D60048B34A /* SolarSystemAPI.swift in Sources */,
				3C1E1331219AFC9F0048B34A /* NasaTechport.swift in Sources */,
				3C17C88021A44A7400619919 /* SolarSystemPlanetExtension.swift in Sources */,
				3C2DFD2621A2F10E009D54C1 /* SolarSystemPlanetDetailsViewController.swift in Sources */,
				3C1E132F219AFC9F0048B34A /* GET.swift in Sources */,
				3C1E134A219FC3390048B34A /* SolarSystemPlanet.swift in Sources */,
				FCF158EF2199B9630035DF53 /* ViewController.swift in Sources */,
				3C1E1336219B011E0048B34A /* NasaExoplanet.swift in Sources */,
				3C17C89521A5CF8500619919 /* HomeScreenViewController.swift in Sources */,
				3C1E1338219B0A260048B34A /* Exoplanet.swift in Sources */,
				3C1E133F219C5B9C0048B34A /* ExoplanetHostStar.swift in Sources */,
				3C17C89E21A6D4D100619919 /* UIColorExtension.swift in Sources */,
				FCF158F52199B9630035DF53 /* DeepSpace.xcdatamodeld in Sources */,
				3C1E1347219F3FCF0048B34A /* MinorPlanet.swift in Sources */,
				3C17C88521A4512100619919 /* PlanetyPropertyDetailsTableViewCell.swift in Sources */,
				3C2DFD2021A2E5B6009D54C1 /* OrbitType.swift in Sources */,
				3C17C88B21A4821A00619919 /* OtherPlanetsTableViewCell.swift in Sources */,
				3C17C87C21A433FF00619919 /* AnotherPlanetCollectionViewCell.swift in Sources */,
			);
			runOnlyForDeploymentPostprocessing = 0;
		};
		FCF158FC2199B9670035DF53 /* Sources */ = {
			isa = PBXSourcesBuildPhase;
			buildActionMask = 2147483647;
			files = (
				FCF159052199B9670035DF53 /* DeepSpaceTests.swift in Sources */,
			);
			runOnlyForDeploymentPostprocessing = 0;
		};
		FCF159072199B9670035DF53 /* Sources */ = {
			isa = PBXSourcesBuildPhase;
			buildActionMask = 2147483647;
			files = (
				FCF159102199B9670035DF53 /* DeepSpaceUITests.swift in Sources */,
			);
			runOnlyForDeploymentPostprocessing = 0;
		};
/* End PBXSourcesBuildPhase section */

/* Begin PBXTargetDependency section */
		FCF159022199B9670035DF53 /* PBXTargetDependency */ = {
			isa = PBXTargetDependency;
			target = FCF158E82199B9630035DF53 /* DeepSpace */;
			targetProxy = FCF159012199B9670035DF53 /* PBXContainerItemProxy */;
		};
		FCF1590D2199B9670035DF53 /* PBXTargetDependency */ = {
			isa = PBXTargetDependency;
			target = FCF158E82199B9630035DF53 /* DeepSpace */;
			targetProxy = FCF1590C2199B9670035DF53 /* PBXContainerItemProxy */;
		};
/* End PBXTargetDependency section */

/* Begin PBXVariantGroup section */
		FCF158F02199B9630035DF53 /* Main.storyboard */ = {
			isa = PBXVariantGroup;
			children = (
				FCF158F12199B9630035DF53 /* Base */,
			);
			name = Main.storyboard;
			sourceTree = "<group>";
		};
		FCF158F82199B9670035DF53 /* LaunchScreen.storyboard */ = {
			isa = PBXVariantGroup;
			children = (
				FCF158F92199B9670035DF53 /* Base */,
			);
			name = LaunchScreen.storyboard;
			sourceTree = "<group>";
		};
/* End PBXVariantGroup section */

/* Begin XCBuildConfiguration section */
		FCF159122199B9670035DF53 /* Debug */ = {
			isa = XCBuildConfiguration;
			buildSettings = {
				ALWAYS_SEARCH_USER_PATHS = NO;
				CLANG_ANALYZER_NONNULL = YES;
				CLANG_ANALYZER_NUMBER_OBJECT_CONVERSION = YES_AGGRESSIVE;
				CLANG_CXX_LANGUAGE_STANDARD = "gnu++14";
				CLANG_CXX_LIBRARY = "libc++";
				CLANG_ENABLE_MODULES = YES;
				CLANG_ENABLE_OBJC_ARC = YES;
				CLANG_ENABLE_OBJC_WEAK = YES;
				CLANG_WARN_BLOCK_CAPTURE_AUTORELEASING = YES;
				CLANG_WARN_BOOL_CONVERSION = YES;
				CLANG_WARN_COMMA = YES;
				CLANG_WARN_CONSTANT_CONVERSION = YES;
				CLANG_WARN_DEPRECATED_OBJC_IMPLEMENTATIONS = YES;
				CLANG_WARN_DIRECT_OBJC_ISA_USAGE = YES_ERROR;
				CLANG_WARN_DOCUMENTATION_COMMENTS = YES;
				CLANG_WARN_EMPTY_BODY = YES;
				CLANG_WARN_ENUM_CONVERSION = YES;
				CLANG_WARN_INFINITE_RECURSION = YES;
				CLANG_WARN_INT_CONVERSION = YES;
				CLANG_WARN_NON_LITERAL_NULL_CONVERSION = YES;
				CLANG_WARN_OBJC_IMPLICIT_RETAIN_SELF = YES;
				CLANG_WARN_OBJC_LITERAL_CONVERSION = YES;
				CLANG_WARN_OBJC_ROOT_CLASS = YES_ERROR;
				CLANG_WARN_RANGE_LOOP_ANALYSIS = YES;
				CLANG_WARN_STRICT_PROTOTYPES = YES;
				CLANG_WARN_SUSPICIOUS_MOVE = YES;
				CLANG_WARN_UNGUARDED_AVAILABILITY = YES_AGGRESSIVE;
				CLANG_WARN_UNREACHABLE_CODE = YES;
				CLANG_WARN__DUPLICATE_METHOD_MATCH = YES;
				CODE_SIGN_IDENTITY = "iPhone Developer";
				COPY_PHASE_STRIP = NO;
				DEBUG_INFORMATION_FORMAT = dwarf;
				ENABLE_STRICT_OBJC_MSGSEND = YES;
				ENABLE_TESTABILITY = YES;
				GCC_C_LANGUAGE_STANDARD = gnu11;
				GCC_DYNAMIC_NO_PIC = NO;
				GCC_NO_COMMON_BLOCKS = YES;
				GCC_OPTIMIZATION_LEVEL = 0;
				GCC_PREPROCESSOR_DEFINITIONS = (
					"DEBUG=1",
					"$(inherited)",
				);
				GCC_WARN_64_TO_32_BIT_CONVERSION = YES;
				GCC_WARN_ABOUT_RETURN_TYPE = YES_ERROR;
				GCC_WARN_UNDECLARED_SELECTOR = YES;
				GCC_WARN_UNINITIALIZED_AUTOS = YES_AGGRESSIVE;
				GCC_WARN_UNUSED_FUNCTION = YES;
				GCC_WARN_UNUSED_VARIABLE = YES;
				IPHONEOS_DEPLOYMENT_TARGET = 12.1;
				MTL_ENABLE_DEBUG_INFO = INCLUDE_SOURCE;
				MTL_FAST_MATH = YES;
				ONLY_ACTIVE_ARCH = YES;
				SDKROOT = iphoneos;
				SWIFT_ACTIVE_COMPILATION_CONDITIONS = DEBUG;
				SWIFT_OPTIMIZATION_LEVEL = "-Onone";
			};
			name = Debug;
		};
		FCF159132199B9670035DF53 /* Release */ = {
			isa = XCBuildConfiguration;
			buildSettings = {
				ALWAYS_SEARCH_USER_PATHS = NO;
				CLANG_ANALYZER_NONNULL = YES;
				CLANG_ANALYZER_NUMBER_OBJECT_CONVERSION = YES_AGGRESSIVE;
				CLANG_CXX_LANGUAGE_STANDARD = "gnu++14";
				CLANG_CXX_LIBRARY = "libc++";
				CLANG_ENABLE_MODULES = YES;
				CLANG_ENABLE_OBJC_ARC = YES;
				CLANG_ENABLE_OBJC_WEAK = YES;
				CLANG_WARN_BLOCK_CAPTURE_AUTORELEASING = YES;
				CLANG_WARN_BOOL_CONVERSION = YES;
				CLANG_WARN_COMMA = YES;
				CLANG_WARN_CONSTANT_CONVERSION = YES;
				CLANG_WARN_DEPRECATED_OBJC_IMPLEMENTATIONS = YES;
				CLANG_WARN_DIRECT_OBJC_ISA_USAGE = YES_ERROR;
				CLANG_WARN_DOCUMENTATION_COMMENTS = YES;
				CLANG_WARN_EMPTY_BODY = YES;
				CLANG_WARN_ENUM_CONVERSION = YES;
				CLANG_WARN_INFINITE_RECURSION = YES;
				CLANG_WARN_INT_CONVERSION = YES;
				CLANG_WARN_NON_LITERAL_NULL_CONVERSION = YES;
				CLANG_WARN_OBJC_IMPLICIT_RETAIN_SELF = YES;
				CLANG_WARN_OBJC_LITERAL_CONVERSION = YES;
				CLANG_WARN_OBJC_ROOT_CLASS = YES_ERROR;
				CLANG_WARN_RANGE_LOOP_ANALYSIS = YES;
				CLANG_WARN_STRICT_PROTOTYPES = YES;
				CLANG_WARN_SUSPICIOUS_MOVE = YES;
				CLANG_WARN_UNGUARDED_AVAILABILITY = YES_AGGRESSIVE;
				CLANG_WARN_UNREACHABLE_CODE = YES;
				CLANG_WARN__DUPLICATE_METHOD_MATCH = YES;
				CODE_SIGN_IDENTITY = "iPhone Developer";
				COPY_PHASE_STRIP = NO;
				DEBUG_INFORMATION_FORMAT = "dwarf-with-dsym";
				ENABLE_NS_ASSERTIONS = NO;
				ENABLE_STRICT_OBJC_MSGSEND = YES;
				GCC_C_LANGUAGE_STANDARD = gnu11;
				GCC_NO_COMMON_BLOCKS = YES;
				GCC_WARN_64_TO_32_BIT_CONVERSION = YES;
				GCC_WARN_ABOUT_RETURN_TYPE = YES_ERROR;
				GCC_WARN_UNDECLARED_SELECTOR = YES;
				GCC_WARN_UNINITIALIZED_AUTOS = YES_AGGRESSIVE;
				GCC_WARN_UNUSED_FUNCTION = YES;
				GCC_WARN_UNUSED_VARIABLE = YES;
				IPHONEOS_DEPLOYMENT_TARGET = 12.1;
				MTL_ENABLE_DEBUG_INFO = NO;
				MTL_FAST_MATH = YES;
				SDKROOT = iphoneos;
				SWIFT_COMPILATION_MODE = wholemodule;
				SWIFT_OPTIMIZATION_LEVEL = "-O";
				VALIDATE_PRODUCT = YES;
			};
			name = Release;
		};
		FCF159152199B9670035DF53 /* Debug */ = {
			isa = XCBuildConfiguration;
			buildSettings = {
				ASSETCATALOG_COMPILER_APPICON_NAME = AppIcon;
				CODE_SIGN_STYLE = Automatic;
				DEVELOPMENT_TEAM = 6H6ZL3JRAS;
				INFOPLIST_FILE = DeepSpace/Info.plist;
				IPHONEOS_DEPLOYMENT_TARGET = 12.0;
				LD_RUNPATH_SEARCH_PATHS = (
					"$(inherited)",
					"@executable_path/Frameworks",
				);
				PRODUCT_BUNDLE_IDENTIFIER = Adriel.DeepSpace;
				PRODUCT_NAME = "$(TARGET_NAME)";
				SWIFT_VERSION = 4.2;
				TARGETED_DEVICE_FAMILY = "1,2";
			};
			name = Debug;
		};
		FCF159162199B9670035DF53 /* Release */ = {
			isa = XCBuildConfiguration;
			buildSettings = {
				ASSETCATALOG_COMPILER_APPICON_NAME = AppIcon;
				CODE_SIGN_STYLE = Automatic;
				DEVELOPMENT_TEAM = 6H6ZL3JRAS;
				INFOPLIST_FILE = DeepSpace/Info.plist;
				IPHONEOS_DEPLOYMENT_TARGET = 12.0;
				LD_RUNPATH_SEARCH_PATHS = (
					"$(inherited)",
					"@executable_path/Frameworks",
				);
				PRODUCT_BUNDLE_IDENTIFIER = Adriel.DeepSpace;
				PRODUCT_NAME = "$(TARGET_NAME)";
				SWIFT_VERSION = 4.2;
				TARGETED_DEVICE_FAMILY = "1,2";
			};
			name = Release;
		};
		FCF159182199B9670035DF53 /* Debug */ = {
			isa = XCBuildConfiguration;
			buildSettings = {
				ALWAYS_EMBED_SWIFT_STANDARD_LIBRARIES = YES;
				BUNDLE_LOADER = "$(TEST_HOST)";
				CODE_SIGN_STYLE = Automatic;
				DEVELOPMENT_TEAM = JGG8YW8SJU;
				INFOPLIST_FILE = DeepSpaceTests/Info.plist;
				LD_RUNPATH_SEARCH_PATHS = (
					"$(inherited)",
					"@executable_path/Frameworks",
					"@loader_path/Frameworks",
				);
				PRODUCT_BUNDLE_IDENTIFIER = Adriel.DeepSpaceTests;
				PRODUCT_NAME = "$(TARGET_NAME)";
				SWIFT_VERSION = 4.2;
				TARGETED_DEVICE_FAMILY = "1,2";
				TEST_HOST = "$(BUILT_PRODUCTS_DIR)/DeepSpace.app/DeepSpace";
			};
			name = Debug;
		};
		FCF159192199B9670035DF53 /* Release */ = {
			isa = XCBuildConfiguration;
			buildSettings = {
				ALWAYS_EMBED_SWIFT_STANDARD_LIBRARIES = YES;
				BUNDLE_LOADER = "$(TEST_HOST)";
				CODE_SIGN_STYLE = Automatic;
				DEVELOPMENT_TEAM = JGG8YW8SJU;
				INFOPLIST_FILE = DeepSpaceTests/Info.plist;
				LD_RUNPATH_SEARCH_PATHS = (
					"$(inherited)",
					"@executable_path/Frameworks",
					"@loader_path/Frameworks",
				);
				PRODUCT_BUNDLE_IDENTIFIER = Adriel.DeepSpaceTests;
				PRODUCT_NAME = "$(TARGET_NAME)";
				SWIFT_VERSION = 4.2;
				TARGETED_DEVICE_FAMILY = "1,2";
				TEST_HOST = "$(BUILT_PRODUCTS_DIR)/DeepSpace.app/DeepSpace";
			};
			name = Release;
		};
		FCF1591B2199B9670035DF53 /* Debug */ = {
			isa = XCBuildConfiguration;
			buildSettings = {
				ALWAYS_EMBED_SWIFT_STANDARD_LIBRARIES = YES;
				CODE_SIGN_STYLE = Automatic;
				DEVELOPMENT_TEAM = JGG8YW8SJU;
				INFOPLIST_FILE = DeepSpaceUITests/Info.plist;
				LD_RUNPATH_SEARCH_PATHS = (
					"$(inherited)",
					"@executable_path/Frameworks",
					"@loader_path/Frameworks",
				);
				PRODUCT_BUNDLE_IDENTIFIER = Adriel.DeepSpaceUITests;
				PRODUCT_NAME = "$(TARGET_NAME)";
				SWIFT_VERSION = 4.2;
				TARGETED_DEVICE_FAMILY = "1,2";
				TEST_TARGET_NAME = DeepSpace;
			};
			name = Debug;
		};
		FCF1591C2199B9670035DF53 /* Release */ = {
			isa = XCBuildConfiguration;
			buildSettings = {
				ALWAYS_EMBED_SWIFT_STANDARD_LIBRARIES = YES;
				CODE_SIGN_STYLE = Automatic;
				DEVELOPMENT_TEAM = JGG8YW8SJU;
				INFOPLIST_FILE = DeepSpaceUITests/Info.plist;
				LD_RUNPATH_SEARCH_PATHS = (
					"$(inherited)",
					"@executable_path/Frameworks",
					"@loader_path/Frameworks",
				);
				PRODUCT_BUNDLE_IDENTIFIER = Adriel.DeepSpaceUITests;
				PRODUCT_NAME = "$(TARGET_NAME)";
				SWIFT_VERSION = 4.2;
				TARGETED_DEVICE_FAMILY = "1,2";
				TEST_TARGET_NAME = DeepSpace;
			};
			name = Release;
		};
/* End XCBuildConfiguration section */

/* Begin XCConfigurationList section */
		FCF158E42199B9630035DF53 /* Build configuration list for PBXProject "DeepSpace" */ = {
			isa = XCConfigurationList;
			buildConfigurations = (
				FCF159122199B9670035DF53 /* Debug */,
				FCF159132199B9670035DF53 /* Release */,
			);
			defaultConfigurationIsVisible = 0;
			defaultConfigurationName = Release;
		};
		FCF159142199B9670035DF53 /* Build configuration list for PBXNativeTarget "DeepSpace" */ = {
			isa = XCConfigurationList;
			buildConfigurations = (
				FCF159152199B9670035DF53 /* Debug */,
				FCF159162199B9670035DF53 /* Release */,
			);
			defaultConfigurationIsVisible = 0;
			defaultConfigurationName = Release;
		};
		FCF159172199B9670035DF53 /* Build configuration list for PBXNativeTarget "DeepSpaceTests" */ = {
			isa = XCConfigurationList;
			buildConfigurations = (
				FCF159182199B9670035DF53 /* Debug */,
				FCF159192199B9670035DF53 /* Release */,
			);
			defaultConfigurationIsVisible = 0;
			defaultConfigurationName = Release;
		};
		FCF1591A2199B9670035DF53 /* Build configuration list for PBXNativeTarget "DeepSpaceUITests" */ = {
			isa = XCConfigurationList;
			buildConfigurations = (
				FCF1591B2199B9670035DF53 /* Debug */,
				FCF1591C2199B9670035DF53 /* Release */,
			);
			defaultConfigurationIsVisible = 0;
			defaultConfigurationName = Release;
		};
/* End XCConfigurationList section */

/* Begin XCVersionGroup section */
		FCF158F32199B9630035DF53 /* DeepSpace.xcdatamodeld */ = {
			isa = XCVersionGroup;
			children = (
				FCF158F42199B9630035DF53 /* DeepSpace.xcdatamodel */,
			);
			currentVersion = FCF158F42199B9630035DF53 /* DeepSpace.xcdatamodel */;
			path = DeepSpace.xcdatamodeld;
			sourceTree = "<group>";
			versionGroupType = wrapper.xcdatamodel;
		};
/* End XCVersionGroup section */
	};
	rootObject = FCF158E12199B9630035DF53 /* Project object */;
}
